
Microsoft Visual Studio Solution File, Format Version 12.00
# Visual Studio Version 16
VisualStudioVersion = 16.0.31624.102
MinimumVisualStudioVersion = 10.0.40219.1
Project("{9A19103F-16F7-4668-BE54-9A1E7A4F7556}") = "RoverInMars.Application", "RoverInMars.Application.Impl\RoverInMars.Application.csproj", "{3993C741-C7EF-40EA-B8A6-4E43D4A7F29D}"
EndProject
Project("{9A19103F-16F7-4668-BE54-9A1E7A4F7556}") = "RoverInMars.Application.Test.UnitTest", "RoverInMars.Application.UnitTest\RoverInMars.Application.Test.UnitTest.csproj", "{817AF83D-5BDA-4855-A9B3-80AAE1D74296}"
EndProject
Project("{9A19103F-16F7-4668-BE54-9A1E7A4F7556}") = "RoverInMars.Presentation.ConsoleView", "RoverInMars.Presentation.Console\RoverInMars.Presentation.ConsoleView.csproj", "{61490F7C-B827-4738-B3C6-39A02990EA16}"
EndProject
Project("{FAE04EC0-301F-11D3-BF4B-00C04F79EFBC}") = "RoverInMars.Application.Library", "RoverInMars.Library\RoverInMars.Application.Library.csproj", "{BA44988A-CF42-469F-B39C-F51DC7BE93FC}"
EndProject
Project("{FAE04EC0-301F-11D3-BF4B-00C04F79EFBC}") = "RoverInMars.Application.Contract", "RoverInMars.Application.Contract\RoverInMars.Application.Contract.csproj", "{E6AE7A97-FE11-482F-B5DD-5A281A85F8F8}"
EndProject
Project("{FAE04EC0-301F-11D3-BF4B-00C04F79EFBC}") = "RoverInMars.Application.Model", "RoverInMars.Application.Models\RoverInMars.Application.Model.csproj", "{D1B2C288-B5A3-42F2-B099-8612A22D3A89}"
EndProject
Global
	GlobalSection(SolutionConfigurationPlatforms) = preSolution
		Debug|Any CPU = Debug|Any CPU
		Release|Any CPU = Release|Any CPU
	EndGlobalSection
	GlobalSection(ProjectConfigurationPlatforms) = postSolution
		{3993C741-C7EF-40EA-B8A6-4E43D4A7F29D}.Debug|Any CPU.ActiveCfg = Debug|Any CPU
		{3993C741-C7EF-40EA-B8A6-4E43D4A7F29D}.Debug|Any CPU.Build.0 = Debug|Any CPU
		{3993C741-C7EF-40EA-B8A6-4E43D4A7F29D}.Release|Any CPU.ActiveCfg = Release|Any CPU
		{3993C741-C7EF-40EA-B8A6-4E43D4A7F29D}.Release|Any CPU.Build.0 = Release|Any CPU
		{817AF83D-5BDA-4855-A9B3-80AAE1D74296}.Debug|Any CPU.ActiveCfg = Debug|Any CPU
		{817AF83D-5BDA-4855-A9B3-80AAE1D74296}.Debug|Any CPU.Build.0 = Debug|Any CPU
		{817AF83D-5BDA-4855-A9B3-80AAE1D74296}.Release|Any CPU.ActiveCfg = Release|Any CPU
		{817AF83D-5BDA-4855-A9B3-80AAE1D74296}.Release|Any CPU.Build.0 = Release|Any CPU
		{61490F7C-B827-4738-B3C6-39A02990EA16}.Debug|Any CPU.ActiveCfg = Debug|Any CPU
		{61490F7C-B827-4738-B3C6-39A02990EA16}.Debug|Any CPU.Build.0 = Debug|Any CPU
		{61490F7C-B827-4738-B3C6-39A02990EA16}.Release|Any CPU.ActiveCfg = Release|Any CPU
		{61490F7C-B827-4738-B3C6-39A02990EA16}.Release|Any CPU.Build.0 = Release|Any CPU
		{BA44988A-CF42-469F-B39C-F51DC7BE93FC}.Debug|Any CPU.ActiveCfg = Debug|Any CPU
		{BA44988A-CF42-469F-B39C-F51DC7BE93FC}.Debug|Any CPU.Build.0 = Debug|Any CPU
		{BA44988A-CF42-469F-B39C-F51DC7BE93FC}.Release|Any CPU.ActiveCfg = Release|Any CPU
		{BA44988A-CF42-469F-B39C-F51DC7BE93FC}.Release|Any CPU.Build.0 = Release|Any CPU
		{E6AE7A97-FE11-482F-B5DD-5A281A85F8F8}.Debug|Any CPU.ActiveCfg = Debug|Any CPU
		{E6AE7A97-FE11-482F-B5DD-5A281A85F8F8}.Debug|Any CPU.Build.0 = Debug|Any CPU
		{E6AE7A97-FE11-482F-B5DD-5A281A85F8F8}.Release|Any CPU.ActiveCfg = Release|Any CPU
		{E6AE7A97-FE11-482F-B5DD-5A281A85F8F8}.Release|Any CPU.Build.0 = Release|Any CPU
		{D1B2C288-B5A3-42F2-B099-8612A22D3A89}.Debug|Any CPU.ActiveCfg = Debug|Any CPU
		{D1B2C288-B5A3-42F2-B099-8612A22D3A89}.Debug|Any CPU.Build.0 = Debug|Any CPU
		{D1B2C288-B5A3-42F2-B099-8612A22D3A89}.Release|Any CPU.ActiveCfg = Release|Any CPU
		{D1B2C288-B5A3-42F2-B099-8612A22D3A89}.Release|Any CPU.Build.0 = Release|Any CPU
	EndGlobalSection
	GlobalSection(SolutionProperties) = preSolution
		HideSolutionNode = FALSE
	EndGlobalSection
	GlobalSection(ExtensibilityGlobals) = postSolution
		SolutionGuid = {52D18CB3-B9E8-4560-BEE5-D9CAA6B2DC9C}
	EndGlobalSection
EndGlobal
